{
  "object": {
    "pins": [
      {
        "package": "ID3TagEditor",
        "repositoryURL": "https://github.com/chicio/ID3TagEditor.git",
        "state": {
          "branch": null,
          "revision": "48cfd035120bb08ec3763b19e379cde049929f82",
          "version": "4.1.1"
        }
      }
    ]
  },
  "version": 1
}
