{
  "object": {
    "pins": [
      {
        "package": "ID3TagEditor",
        "repositoryURL": "https://github.com/novi/ID3TagEditor.git",
        "state": {
          "branch": null,
          "revision": "37495eb0eb9ea037dd605cf0cb943c8cab36dfcb",
          "version": "2.0.3"
        }
      }
    ]
  },
  "version": 1
}
