{
  "object": {
    "pins": [
      {
        "package": "ID3TagEditor",
        "repositoryURL": "https://github.com/novi/ID3TagEditor.git",
        "state": {
          "branch": null,
          "revision": "715fb6a078c989efdb809d6b53df9b3ecc1d709b",
          "version": "2.0.4"
        }
      }
    ]
  },
  "version": 1
}
